
Microsoft Visual Studio Solution File, Format Version 12.00
# Visual Studio Version 16
VisualStudioVersion = 16.0.31229.75
MinimumVisualStudioVersion = 10.0.40219.1
Project("{9A19103F-16F7-4668-BE54-9A1E7A4F7556}") = "E621_Downloader", "E621_Downloader\E621_Downloader.csproj", "{B7463826-7835-4BBA-BB68-F9A0FD317EDF}"
EndProject
Project("{9A19103F-16F7-4668-BE54-9A1E7A4F7556}") = "Reddit_Downloader", "Reddit_Downloader\Reddit_Downloader.csproj", "{B668B4CA-3140-4337-869E-AEFA4FCF84FB}"
EndProject
Project("{9A19103F-16F7-4668-BE54-9A1E7A4F7556}") = "Rule34", "Rule34\Rule34.csproj", "{143FA6B2-7DB8-4D5C-B224-7751C90D2519}"
EndProject
Project("{9A19103F-16F7-4668-BE54-9A1E7A4F7556}") = "Misc functions", "Misc functions\Misc functions.csproj", "{4A30ADA1-77A0-4071-8474-58668CBEE908}"
EndProject
Global
	GlobalSection(SolutionConfigurationPlatforms) = preSolution
		Debug|Any CPU = Debug|Any CPU
		Release|Any CPU = Release|Any CPU
	EndGlobalSection
	GlobalSection(ProjectConfigurationPlatforms) = postSolution
		{B7463826-7835-4BBA-BB68-F9A0FD317EDF}.Debug|Any CPU.ActiveCfg = Debug|Any CPU
		{B7463826-7835-4BBA-BB68-F9A0FD317EDF}.Debug|Any CPU.Build.0 = Debug|Any CPU
		{B7463826-7835-4BBA-BB68-F9A0FD317EDF}.Release|Any CPU.ActiveCfg = Release|Any CPU
		{B7463826-7835-4BBA-BB68-F9A0FD317EDF}.Release|Any CPU.Build.0 = Release|Any CPU
		{B668B4CA-3140-4337-869E-AEFA4FCF84FB}.Debug|Any CPU.ActiveCfg = Debug|Any CPU
		{B668B4CA-3140-4337-869E-AEFA4FCF84FB}.Debug|Any CPU.Build.0 = Debug|Any CPU
		{B668B4CA-3140-4337-869E-AEFA4FCF84FB}.Release|Any CPU.ActiveCfg = Release|Any CPU
		{B668B4CA-3140-4337-869E-AEFA4FCF84FB}.Release|Any CPU.Build.0 = Release|Any CPU
		{143FA6B2-7DB8-4D5C-B224-7751C90D2519}.Debug|Any CPU.ActiveCfg = Debug|Any CPU
		{143FA6B2-7DB8-4D5C-B224-7751C90D2519}.Debug|Any CPU.Build.0 = Debug|Any CPU
		{143FA6B2-7DB8-4D5C-B224-7751C90D2519}.Release|Any CPU.ActiveCfg = Release|Any CPU
		{143FA6B2-7DB8-4D5C-B224-7751C90D2519}.Release|Any CPU.Build.0 = Release|Any CPU
		{4A30ADA1-77A0-4071-8474-58668CBEE908}.Debug|Any CPU.ActiveCfg = Debug|Any CPU
		{4A30ADA1-77A0-4071-8474-58668CBEE908}.Debug|Any CPU.Build.0 = Debug|Any CPU
		{4A30ADA1-77A0-4071-8474-58668CBEE908}.Release|Any CPU.ActiveCfg = Release|Any CPU
		{4A30ADA1-77A0-4071-8474-58668CBEE908}.Release|Any CPU.Build.0 = Release|Any CPU
	EndGlobalSection
	GlobalSection(SolutionProperties) = preSolution
		HideSolutionNode = FALSE
	EndGlobalSection
	GlobalSection(ExtensibilityGlobals) = postSolution
		SolutionGuid = {2C492306-8B19-4D85-922E-9608FAF9964F}
	EndGlobalSection
EndGlobal
